
Microsoft Visual Studio Solution File, Format Version 12.00
# Visual Studio Version 16
VisualStudioVersion = 16.0.30621.155
MinimumVisualStudioVersion = 10.0.40219.1
Project("{FAE04EC0-301F-11D3-BF4B-00C04F79EFBC}") = "ParkyAPI", "ParkyAPI\ParkyAPI.csproj", "{A3E5F932-5063-4795-AE2D-428275255151}"
EndProject
Global
	GlobalSection(SolutionConfigurationPlatforms) = preSolution
		Debug|Any CPU = Debug|Any CPU
		Release|Any CPU = Release|Any CPU
	EndGlobalSection
	GlobalSection(ProjectConfigurationPlatforms) = postSolution
		{A3E5F932-5063-4795-AE2D-428275255151}.Debug|Any CPU.ActiveCfg = Debug|Any CPU
		{A3E5F932-5063-4795-AE2D-428275255151}.Debug|Any CPU.Build.0 = Debug|Any CPU
		{A3E5F932-5063-4795-AE2D-428275255151}.Release|Any CPU.ActiveCfg = Release|Any CPU
		{A3E5F932-5063-4795-AE2D-428275255151}.Release|Any CPU.Build.0 = Release|Any CPU
	EndGlobalSection
	GlobalSection(SolutionProperties) = preSolution
		HideSolutionNode = FALSE
	EndGlobalSection
	GlobalSection(ExtensibilityGlobals) = postSolution
		SolutionGuid = {AC22CDD4-0243-46E8-8B66-6A463AAB6398}
	EndGlobalSection
EndGlobal
